{
  "name": "strandtest",
  "version": "1.0.0",
  "lockfileVersion": 1,
  "requires": true,
  "dependencies": {
    "morpheus-neopixel": {
      "version": "file:../..",
      "requires": {
        "chalk": "^2.4.1",
        "eslint": "^5.10.0",
        "express": "^4.16.4",
        "glob": "^7.1.4",
        "lodash.merge": "^4.6.2",
        "node-watch": "^0.5.9",
        "nodemon": "^1.18.9",
        "socket.io": "^2.2.0",
        "three": "^0.99.0"
      }
    }
  }
}
